
Microsoft Visual Studio Solution File, Format Version 12.00
# Visual Studio 2013
VisualStudioVersion = 12.0.21005.1
MinimumVisualStudioVersion = 10.0.40219.1
Project("{FAE04EC0-301F-11D3-BF4B-00C04F79EFBC}") = "DefiningClassesPart1-4", "DefiningClassesPart2\DefiningClassesPart1-4.csproj", "{43272CEC-8888-4A8C-B75C-7DCA74DE72B2}"
EndProject
Project("{FAE04EC0-301F-11D3-BF4B-00C04F79EFBC}") = "DefiningClassesPart5-7", "DefiningClassesPart5\DefiningClassesPart5-7.csproj", "{C5042424-B2A8-4917-BC39-D13EDAD5D906}"
EndProject
Project("{FAE04EC0-301F-11D3-BF4B-00C04F79EFBC}") = "DefiningClassesPart8-11", "DefiningClassesPart8-11\DefiningClassesPart8-11.csproj", "{B058D4B3-62A9-43A0-A1A0-95775A33752C}"
EndProject
Global
	GlobalSection(SolutionConfigurationPlatforms) = preSolution
		Debug|Any CPU = Debug|Any CPU
		Release|Any CPU = Release|Any CPU
	EndGlobalSection
	GlobalSection(ProjectConfigurationPlatforms) = postSolution
		{43272CEC-8888-4A8C-B75C-7DCA74DE72B2}.Debug|Any CPU.ActiveCfg = Debug|Any CPU
		{43272CEC-8888-4A8C-B75C-7DCA74DE72B2}.Debug|Any CPU.Build.0 = Debug|Any CPU
		{43272CEC-8888-4A8C-B75C-7DCA74DE72B2}.Release|Any CPU.ActiveCfg = Release|Any CPU
		{43272CEC-8888-4A8C-B75C-7DCA74DE72B2}.Release|Any CPU.Build.0 = Release|Any CPU
		{C5042424-B2A8-4917-BC39-D13EDAD5D906}.Debug|Any CPU.ActiveCfg = Debug|Any CPU
		{C5042424-B2A8-4917-BC39-D13EDAD5D906}.Debug|Any CPU.Build.0 = Debug|Any CPU
		{C5042424-B2A8-4917-BC39-D13EDAD5D906}.Release|Any CPU.ActiveCfg = Release|Any CPU
		{C5042424-B2A8-4917-BC39-D13EDAD5D906}.Release|Any CPU.Build.0 = Release|Any CPU
		{B058D4B3-62A9-43A0-A1A0-95775A33752C}.Debug|Any CPU.ActiveCfg = Debug|Any CPU
		{B058D4B3-62A9-43A0-A1A0-95775A33752C}.Debug|Any CPU.Build.0 = Debug|Any CPU
		{B058D4B3-62A9-43A0-A1A0-95775A33752C}.Release|Any CPU.ActiveCfg = Release|Any CPU
		{B058D4B3-62A9-43A0-A1A0-95775A33752C}.Release|Any CPU.Build.0 = Release|Any CPU
	EndGlobalSection
	GlobalSection(SolutionProperties) = preSolution
		HideSolutionNode = FALSE
	EndGlobalSection
EndGlobal
