
Microsoft Visual Studio Solution File, Format Version 12.00
# Visual Studio 2013
VisualStudioVersion = 12.0.21005.1
MinimumVisualStudioVersion = 10.0.40219.1
Project("{FAE04EC0-301F-11D3-BF4B-00C04F79EFBC}") = "01. PrintSquare", "PrintSquare\01. PrintSquare.csproj", "{ABF04FC8-ABAA-4DAD-B678-301ECB0C4417}"
EndProject
Project("{FAE04EC0-301F-11D3-BF4B-00C04F79EFBC}") = "02. ReadNumber", "ReadNumber\02. ReadNumber.csproj", "{FC76CD07-2687-43A7-984C-8E0B9C382E13}"
EndProject
Project("{FAE04EC0-301F-11D3-BF4B-00C04F79EFBC}") = "03. PossibleExceptions", "PossibleExceptions\03. PossibleExceptions.csproj", "{87A77B56-C54F-4883-BB19-2EE6A5496BBD}"
EndProject
Project("{FAE04EC0-301F-11D3-BF4B-00C04F79EFBC}") = "DownLoadFile", "DownLoadFile\DownLoadFile.csproj", "{F0D0F051-05F3-47FA-99D0-FF6A6E74F177}"
EndProject
Global
	GlobalSection(SolutionConfigurationPlatforms) = preSolution
		Debug|Any CPU = Debug|Any CPU
		Release|Any CPU = Release|Any CPU
	EndGlobalSection
	GlobalSection(ProjectConfigurationPlatforms) = postSolution
		{ABF04FC8-ABAA-4DAD-B678-301ECB0C4417}.Debug|Any CPU.ActiveCfg = Debug|Any CPU
		{ABF04FC8-ABAA-4DAD-B678-301ECB0C4417}.Debug|Any CPU.Build.0 = Debug|Any CPU
		{ABF04FC8-ABAA-4DAD-B678-301ECB0C4417}.Release|Any CPU.ActiveCfg = Release|Any CPU
		{ABF04FC8-ABAA-4DAD-B678-301ECB0C4417}.Release|Any CPU.Build.0 = Release|Any CPU
		{FC76CD07-2687-43A7-984C-8E0B9C382E13}.Debug|Any CPU.ActiveCfg = Debug|Any CPU
		{FC76CD07-2687-43A7-984C-8E0B9C382E13}.Debug|Any CPU.Build.0 = Debug|Any CPU
		{FC76CD07-2687-43A7-984C-8E0B9C382E13}.Release|Any CPU.ActiveCfg = Release|Any CPU
		{FC76CD07-2687-43A7-984C-8E0B9C382E13}.Release|Any CPU.Build.0 = Release|Any CPU
		{87A77B56-C54F-4883-BB19-2EE6A5496BBD}.Debug|Any CPU.ActiveCfg = Debug|Any CPU
		{87A77B56-C54F-4883-BB19-2EE6A5496BBD}.Debug|Any CPU.Build.0 = Debug|Any CPU
		{87A77B56-C54F-4883-BB19-2EE6A5496BBD}.Release|Any CPU.ActiveCfg = Release|Any CPU
		{87A77B56-C54F-4883-BB19-2EE6A5496BBD}.Release|Any CPU.Build.0 = Release|Any CPU
		{F0D0F051-05F3-47FA-99D0-FF6A6E74F177}.Debug|Any CPU.ActiveCfg = Debug|Any CPU
		{F0D0F051-05F3-47FA-99D0-FF6A6E74F177}.Debug|Any CPU.Build.0 = Debug|Any CPU
		{F0D0F051-05F3-47FA-99D0-FF6A6E74F177}.Release|Any CPU.ActiveCfg = Release|Any CPU
		{F0D0F051-05F3-47FA-99D0-FF6A6E74F177}.Release|Any CPU.Build.0 = Release|Any CPU
	EndGlobalSection
	GlobalSection(SolutionProperties) = preSolution
		HideSolutionNode = FALSE
	EndGlobalSection
EndGlobal
