
Microsoft Visual Studio Solution File, Format Version 12.00
# Visual Studio 2013
VisualStudioVersion = 12.0.21005.1
MinimumVisualStudioVersion = 10.0.40219.1
Project("{FAE04EC0-301F-11D3-BF4B-00C04F79EFBC}") = "01. CheckYearIfLeap", "CheckYearIfLeap\01. CheckYearIfLeap.csproj", "{606EC1B8-5672-4127-8739-548C862C1FEC}"
EndProject
Project("{FAE04EC0-301F-11D3-BF4B-00C04F79EFBC}") = "02. GenerateRandomInRange", "GenerateRandomInRange\02. GenerateRandomInRange.csproj", "{B8EC3BE6-9CB8-495C-A889-1BF6D11AFF10}"
EndProject
Project("{FAE04EC0-301F-11D3-BF4B-00C04F79EFBC}") = "03. DayofWeek", "DayofWeek\03. DayofWeek.csproj", "{C0773BD8-7311-4B28-8032-F399C406644D}"
EndProject
Project("{FAE04EC0-301F-11D3-BF4B-00C04F79EFBC}") = "04. CalculateTriangleArea", "CalculateTriangleArea\04. CalculateTriangleArea.csproj", "{04911B3F-B432-450C-A31D-90673134EE54}"
EndProject
Project("{FAE04EC0-301F-11D3-BF4B-00C04F79EFBC}") = "05. CalculateWorkingDays", "CalculateWorkingDays\05. CalculateWorkingDays.csproj", "{E1517AA1-71F0-4247-84BD-BAB11CC5A8E8}"
EndProject
Project("{FAE04EC0-301F-11D3-BF4B-00C04F79EFBC}") = "06. CalculateSumOFDigitsInString", "CalculateSumOFDigitsInString\06. CalculateSumOFDigitsInString.csproj", "{3A324376-AA5C-4EC9-B833-B182B40AEB23}"
EndProject
Project("{FAE04EC0-301F-11D3-BF4B-00C04F79EFBC}") = "07. ExpressionCalculator", "ExpressionCalculator\07. ExpressionCalculator.csproj", "{570A518F-EC8F-4D2C-B11E-738316818954}"
EndProject
Global
	GlobalSection(SolutionConfigurationPlatforms) = preSolution
		Debug|Any CPU = Debug|Any CPU
		Release|Any CPU = Release|Any CPU
	EndGlobalSection
	GlobalSection(ProjectConfigurationPlatforms) = postSolution
		{606EC1B8-5672-4127-8739-548C862C1FEC}.Debug|Any CPU.ActiveCfg = Debug|Any CPU
		{606EC1B8-5672-4127-8739-548C862C1FEC}.Debug|Any CPU.Build.0 = Debug|Any CPU
		{606EC1B8-5672-4127-8739-548C862C1FEC}.Release|Any CPU.ActiveCfg = Release|Any CPU
		{606EC1B8-5672-4127-8739-548C862C1FEC}.Release|Any CPU.Build.0 = Release|Any CPU
		{B8EC3BE6-9CB8-495C-A889-1BF6D11AFF10}.Debug|Any CPU.ActiveCfg = Debug|Any CPU
		{B8EC3BE6-9CB8-495C-A889-1BF6D11AFF10}.Debug|Any CPU.Build.0 = Debug|Any CPU
		{B8EC3BE6-9CB8-495C-A889-1BF6D11AFF10}.Release|Any CPU.ActiveCfg = Release|Any CPU
		{B8EC3BE6-9CB8-495C-A889-1BF6D11AFF10}.Release|Any CPU.Build.0 = Release|Any CPU
		{C0773BD8-7311-4B28-8032-F399C406644D}.Debug|Any CPU.ActiveCfg = Debug|Any CPU
		{C0773BD8-7311-4B28-8032-F399C406644D}.Debug|Any CPU.Build.0 = Debug|Any CPU
		{C0773BD8-7311-4B28-8032-F399C406644D}.Release|Any CPU.ActiveCfg = Release|Any CPU
		{C0773BD8-7311-4B28-8032-F399C406644D}.Release|Any CPU.Build.0 = Release|Any CPU
		{04911B3F-B432-450C-A31D-90673134EE54}.Debug|Any CPU.ActiveCfg = Debug|Any CPU
		{04911B3F-B432-450C-A31D-90673134EE54}.Debug|Any CPU.Build.0 = Debug|Any CPU
		{04911B3F-B432-450C-A31D-90673134EE54}.Release|Any CPU.ActiveCfg = Release|Any CPU
		{04911B3F-B432-450C-A31D-90673134EE54}.Release|Any CPU.Build.0 = Release|Any CPU
		{E1517AA1-71F0-4247-84BD-BAB11CC5A8E8}.Debug|Any CPU.ActiveCfg = Debug|Any CPU
		{E1517AA1-71F0-4247-84BD-BAB11CC5A8E8}.Debug|Any CPU.Build.0 = Debug|Any CPU
		{E1517AA1-71F0-4247-84BD-BAB11CC5A8E8}.Release|Any CPU.ActiveCfg = Release|Any CPU
		{E1517AA1-71F0-4247-84BD-BAB11CC5A8E8}.Release|Any CPU.Build.0 = Release|Any CPU
		{3A324376-AA5C-4EC9-B833-B182B40AEB23}.Debug|Any CPU.ActiveCfg = Debug|Any CPU
		{3A324376-AA5C-4EC9-B833-B182B40AEB23}.Debug|Any CPU.Build.0 = Debug|Any CPU
		{3A324376-AA5C-4EC9-B833-B182B40AEB23}.Release|Any CPU.ActiveCfg = Release|Any CPU
		{3A324376-AA5C-4EC9-B833-B182B40AEB23}.Release|Any CPU.Build.0 = Release|Any CPU
		{570A518F-EC8F-4D2C-B11E-738316818954}.Debug|Any CPU.ActiveCfg = Debug|Any CPU
		{570A518F-EC8F-4D2C-B11E-738316818954}.Debug|Any CPU.Build.0 = Debug|Any CPU
		{570A518F-EC8F-4D2C-B11E-738316818954}.Release|Any CPU.ActiveCfg = Release|Any CPU
		{570A518F-EC8F-4D2C-B11E-738316818954}.Release|Any CPU.Build.0 = Release|Any CPU
	EndGlobalSection
	GlobalSection(SolutionProperties) = preSolution
		HideSolutionNode = FALSE
	EndGlobalSection
EndGlobal
